
Microsoft Visual Studio Solution File, Format Version 12.00
# Visual Studio Version 16
VisualStudioVersion = 16.0.31410.357
MinimumVisualStudioVersion = 10.0.40219.1
Project("{FAE04EC0-301F-11D3-BF4B-00C04F79EFBC}") = "Operators", "Operators\Operators.csproj", "{BEE00401-4028-4079-998E-3564E48CC68D}"
EndProject
Global
	GlobalSection(SolutionConfigurationPlatforms) = preSolution
		Debug|Any CPU = Debug|Any CPU
		Release|Any CPU = Release|Any CPU
	EndGlobalSection
	GlobalSection(ProjectConfigurationPlatforms) = postSolution
		{BEE00401-4028-4079-998E-3564E48CC68D}.Debug|Any CPU.ActiveCfg = Debug|Any CPU
		{BEE00401-4028-4079-998E-3564E48CC68D}.Debug|Any CPU.Build.0 = Debug|Any CPU
		{BEE00401-4028-4079-998E-3564E48CC68D}.Release|Any CPU.ActiveCfg = Release|Any CPU
		{BEE00401-4028-4079-998E-3564E48CC68D}.Release|Any CPU.Build.0 = Release|Any CPU
	EndGlobalSection
	GlobalSection(SolutionProperties) = preSolution
		HideSolutionNode = FALSE
	EndGlobalSection
	GlobalSection(ExtensibilityGlobals) = postSolution
		SolutionGuid = {6C97014E-0093-4C78-AD0F-446C086C57EC}
	EndGlobalSection
EndGlobal
